
Microsoft Visual Studio Solution File, Format Version 12.00
# Visual Studio 15
VisualStudioVersion = 15.0.26124.0
MinimumVisualStudioVersion = 15.0.26124.0
Project("{2150E333-8FDC-42A3-9474-1A3956D46DE8}") = "Api", "Api", "{A839FA62-30E0-472E-B508-E4C927BED94D}"
EndProject
Project("{FAE04EC0-301F-11D3-BF4B-00C04F79EFBC}") = "Auth.Api", "Api\Auth.Api\Auth.Api.csproj", "{26965C80-2B12-4C22-9129-3C303276E098}"
EndProject
Project("{FAE04EC0-301F-11D3-BF4B-00C04F79EFBC}") = "Auth.Infra", "Api\Auth.Infra\Auth.Infra.csproj", "{66B1CE07-3055-4363-B23C-81662DC93F9E}"
EndProject
Project("{FAE04EC0-301F-11D3-BF4B-00C04F79EFBC}") = "Auth.Domain", "Api\Auth.Domain\Auth.Domain.csproj", "{B7AC2952-60E2-4CC7-9D30-C45F8972EF78}"
EndProject
Project("{FAE04EC0-301F-11D3-BF4B-00C04F79EFBC}") = "Auth.SharedKernel", "Api\Auth.SharedKernel\Auth.SharedKernel.csproj", "{51D3A8C2-03CD-4C70-A672-1FEB0FD4827B}"
EndProject
Project("{2150E333-8FDC-42A3-9474-1A3956D46DE8}") = "Tests", "Tests", "{F17D7A83-92CB-4969-99BE-0C48419AD290}"
EndProject
Project("{FAE04EC0-301F-11D3-BF4B-00C04F79EFBC}") = "Auth.Tests", "Tests\Auth.Tests\Auth.Tests.csproj", "{57E9CEC9-9C60-4208-BD94-796A3BC61C1C}"
EndProject
Global
	GlobalSection(SolutionConfigurationPlatforms) = preSolution
		Debug|Any CPU = Debug|Any CPU
		Debug|x64 = Debug|x64
		Debug|x86 = Debug|x86
		Release|Any CPU = Release|Any CPU
		Release|x64 = Release|x64
		Release|x86 = Release|x86
	EndGlobalSection
	GlobalSection(SolutionProperties) = preSolution
		HideSolutionNode = FALSE
	EndGlobalSection
	GlobalSection(ProjectConfigurationPlatforms) = postSolution
		{26965C80-2B12-4C22-9129-3C303276E098}.Debug|Any CPU.ActiveCfg = Debug|Any CPU
		{26965C80-2B12-4C22-9129-3C303276E098}.Debug|Any CPU.Build.0 = Debug|Any CPU
		{26965C80-2B12-4C22-9129-3C303276E098}.Debug|x64.ActiveCfg = Debug|Any CPU
		{26965C80-2B12-4C22-9129-3C303276E098}.Debug|x64.Build.0 = Debug|Any CPU
		{26965C80-2B12-4C22-9129-3C303276E098}.Debug|x86.ActiveCfg = Debug|Any CPU
		{26965C80-2B12-4C22-9129-3C303276E098}.Debug|x86.Build.0 = Debug|Any CPU
		{26965C80-2B12-4C22-9129-3C303276E098}.Release|Any CPU.ActiveCfg = Release|Any CPU
		{26965C80-2B12-4C22-9129-3C303276E098}.Release|Any CPU.Build.0 = Release|Any CPU
		{26965C80-2B12-4C22-9129-3C303276E098}.Release|x64.ActiveCfg = Release|Any CPU
		{26965C80-2B12-4C22-9129-3C303276E098}.Release|x64.Build.0 = Release|Any CPU
		{26965C80-2B12-4C22-9129-3C303276E098}.Release|x86.ActiveCfg = Release|Any CPU
		{26965C80-2B12-4C22-9129-3C303276E098}.Release|x86.Build.0 = Release|Any CPU
		{66B1CE07-3055-4363-B23C-81662DC93F9E}.Debug|Any CPU.ActiveCfg = Debug|Any CPU
		{66B1CE07-3055-4363-B23C-81662DC93F9E}.Debug|Any CPU.Build.0 = Debug|Any CPU
		{66B1CE07-3055-4363-B23C-81662DC93F9E}.Debug|x64.ActiveCfg = Debug|Any CPU
		{66B1CE07-3055-4363-B23C-81662DC93F9E}.Debug|x64.Build.0 = Debug|Any CPU
		{66B1CE07-3055-4363-B23C-81662DC93F9E}.Debug|x86.ActiveCfg = Debug|Any CPU
		{66B1CE07-3055-4363-B23C-81662DC93F9E}.Debug|x86.Build.0 = Debug|Any CPU
		{66B1CE07-3055-4363-B23C-81662DC93F9E}.Release|Any CPU.ActiveCfg = Release|Any CPU
		{66B1CE07-3055-4363-B23C-81662DC93F9E}.Release|Any CPU.Build.0 = Release|Any CPU
		{66B1CE07-3055-4363-B23C-81662DC93F9E}.Release|x64.ActiveCfg = Release|Any CPU
		{66B1CE07-3055-4363-B23C-81662DC93F9E}.Release|x64.Build.0 = Release|Any CPU
		{66B1CE07-3055-4363-B23C-81662DC93F9E}.Release|x86.ActiveCfg = Release|Any CPU
		{66B1CE07-3055-4363-B23C-81662DC93F9E}.Release|x86.Build.0 = Release|Any CPU
		{B7AC2952-60E2-4CC7-9D30-C45F8972EF78}.Debug|Any CPU.ActiveCfg = Debug|Any CPU
		{B7AC2952-60E2-4CC7-9D30-C45F8972EF78}.Debug|Any CPU.Build.0 = Debug|Any CPU
		{B7AC2952-60E2-4CC7-9D30-C45F8972EF78}.Debug|x64.ActiveCfg = Debug|Any CPU
		{B7AC2952-60E2-4CC7-9D30-C45F8972EF78}.Debug|x64.Build.0 = Debug|Any CPU
		{B7AC2952-60E2-4CC7-9D30-C45F8972EF78}.Debug|x86.ActiveCfg = Debug|Any CPU
		{B7AC2952-60E2-4CC7-9D30-C45F8972EF78}.Debug|x86.Build.0 = Debug|Any CPU
		{B7AC2952-60E2-4CC7-9D30-C45F8972EF78}.Release|Any CPU.ActiveCfg = Release|Any CPU
		{B7AC2952-60E2-4CC7-9D30-C45F8972EF78}.Release|Any CPU.Build.0 = Release|Any CPU
		{B7AC2952-60E2-4CC7-9D30-C45F8972EF78}.Release|x64.ActiveCfg = Release|Any CPU
		{B7AC2952-60E2-4CC7-9D30-C45F8972EF78}.Release|x64.Build.0 = Release|Any CPU
		{B7AC2952-60E2-4CC7-9D30-C45F8972EF78}.Release|x86.ActiveCfg = Release|Any CPU
		{B7AC2952-60E2-4CC7-9D30-C45F8972EF78}.Release|x86.Build.0 = Release|Any CPU
		{51D3A8C2-03CD-4C70-A672-1FEB0FD4827B}.Debug|Any CPU.ActiveCfg = Debug|Any CPU
		{51D3A8C2-03CD-4C70-A672-1FEB0FD4827B}.Debug|Any CPU.Build.0 = Debug|Any CPU
		{51D3A8C2-03CD-4C70-A672-1FEB0FD4827B}.Debug|x64.ActiveCfg = Debug|Any CPU
		{51D3A8C2-03CD-4C70-A672-1FEB0FD4827B}.Debug|x64.Build.0 = Debug|Any CPU
		{51D3A8C2-03CD-4C70-A672-1FEB0FD4827B}.Debug|x86.ActiveCfg = Debug|Any CPU
		{51D3A8C2-03CD-4C70-A672-1FEB0FD4827B}.Debug|x86.Build.0 = Debug|Any CPU
		{51D3A8C2-03CD-4C70-A672-1FEB0FD4827B}.Release|Any CPU.ActiveCfg = Release|Any CPU
		{51D3A8C2-03CD-4C70-A672-1FEB0FD4827B}.Release|Any CPU.Build.0 = Release|Any CPU
		{51D3A8C2-03CD-4C70-A672-1FEB0FD4827B}.Release|x64.ActiveCfg = Release|Any CPU
		{51D3A8C2-03CD-4C70-A672-1FEB0FD4827B}.Release|x64.Build.0 = Release|Any CPU
		{51D3A8C2-03CD-4C70-A672-1FEB0FD4827B}.Release|x86.ActiveCfg = Release|Any CPU
		{51D3A8C2-03CD-4C70-A672-1FEB0FD4827B}.Release|x86.Build.0 = Release|Any CPU
		{57E9CEC9-9C60-4208-BD94-796A3BC61C1C}.Debug|Any CPU.ActiveCfg = Debug|Any CPU
		{57E9CEC9-9C60-4208-BD94-796A3BC61C1C}.Debug|Any CPU.Build.0 = Debug|Any CPU
		{57E9CEC9-9C60-4208-BD94-796A3BC61C1C}.Debug|x64.ActiveCfg = Debug|Any CPU
		{57E9CEC9-9C60-4208-BD94-796A3BC61C1C}.Debug|x64.Build.0 = Debug|Any CPU
		{57E9CEC9-9C60-4208-BD94-796A3BC61C1C}.Debug|x86.ActiveCfg = Debug|Any CPU
		{57E9CEC9-9C60-4208-BD94-796A3BC61C1C}.Debug|x86.Build.0 = Debug|Any CPU
		{57E9CEC9-9C60-4208-BD94-796A3BC61C1C}.Release|Any CPU.ActiveCfg = Release|Any CPU
		{57E9CEC9-9C60-4208-BD94-796A3BC61C1C}.Release|Any CPU.Build.0 = Release|Any CPU
		{57E9CEC9-9C60-4208-BD94-796A3BC61C1C}.Release|x64.ActiveCfg = Release|Any CPU
		{57E9CEC9-9C60-4208-BD94-796A3BC61C1C}.Release|x64.Build.0 = Release|Any CPU
		{57E9CEC9-9C60-4208-BD94-796A3BC61C1C}.Release|x86.ActiveCfg = Release|Any CPU
		{57E9CEC9-9C60-4208-BD94-796A3BC61C1C}.Release|x86.Build.0 = Release|Any CPU
	EndGlobalSection
	GlobalSection(NestedProjects) = preSolution
		{26965C80-2B12-4C22-9129-3C303276E098} = {A839FA62-30E0-472E-B508-E4C927BED94D}
		{66B1CE07-3055-4363-B23C-81662DC93F9E} = {A839FA62-30E0-472E-B508-E4C927BED94D}
		{B7AC2952-60E2-4CC7-9D30-C45F8972EF78} = {A839FA62-30E0-472E-B508-E4C927BED94D}
		{51D3A8C2-03CD-4C70-A672-1FEB0FD4827B} = {A839FA62-30E0-472E-B508-E4C927BED94D}
		{57E9CEC9-9C60-4208-BD94-796A3BC61C1C} = {F17D7A83-92CB-4969-99BE-0C48419AD290}
	EndGlobalSection
EndGlobal
